// !$*UTF8*$!
{
	archiveVersion = 1;
	classes = {
	};
	objectVersion = 48;
	objects = {

/* Begin PBXBuildFile section */
		F907D8BF1FB93DF4000BC49F /* DetailController.swift in Sources */ = {isa = PBXBuildFile; fileRef = F907D8BE1FB93DF4000BC49F /* DetailController.swift */; };
		F907D8C11FB97498000BC49F /* MVCHelper.swift in Sources */ = {isa = PBXBuildFile; fileRef = F907D8C01FB97498000BC49F /* MVCHelper.swift */; };
		F907D8C41FB97513000BC49F /* RxDataSource.swift in Sources */ = {isa = PBXBuildFile; fileRef = F907D8C31FB97513000BC49F /* RxDataSource.swift */; };
		F907D8C61FB981DF000BC49F /* CouponDataSource.swift in Sources */ = {isa = PBXBuildFile; fileRef = F907D8C51FB981DF000BC49F /* CouponDataSource.swift */; };
		F90EA80C1FB3DDCC00184D04 /* BrandItem.swift in Sources */ = {isa = PBXBuildFile; fileRef = F90EA80B1FB3DDCC00184D04 /* BrandItem.swift */; };
		F90EA80E1FB3E56500184D04 /* DiscoverHeaderView.xib in Resources */ = {isa = PBXBuildFile; fileRef = F90EA80D1FB3E56500184D04 /* DiscoverHeaderView.xib */; };
		F90EA8101FB3E57600184D04 /* DiscoverHeaderView.swift in Sources */ = {isa = PBXBuildFile; fileRef = F90EA80F1FB3E57600184D04 /* DiscoverHeaderView.swift */; };
		F92C68CC1FAAE32C005CD910 /* AppDelegate.swift in Sources */ = {isa = PBXBuildFile; fileRef = F92C68CB1FAAE32C005CD910 /* AppDelegate.swift */; };
		F92C68CE1FAAE32C005CD910 /* TaoKeController.swift in Sources */ = {isa = PBXBuildFile; fileRef = F92C68CD1FAAE32C005CD910 /* TaoKeController.swift */; };
		F92C68D11FAAE32C005CD910 /* Main.storyboard in Resources */ = {isa = PBXBuildFile; fileRef = F92C68CF1FAAE32C005CD910 /* Main.storyboard */; };
		F92C68D31FAAE32C005CD910 /* Assets.xcassets in Resources */ = {isa = PBXBuildFile; fileRef = F92C68D21FAAE32C005CD910 /* Assets.xcassets */; };
		F92C68D61FAAE32C005CD910 /* LaunchScreen.storyboard in Resources */ = {isa = PBXBuildFile; fileRef = F92C68D41FAAE32C005CD910 /* LaunchScreen.storyboard */; };
		F92DA5891FB14B7500FDF3E4 /* SearchController.swift in Sources */ = {isa = PBXBuildFile; fileRef = F92DA5881FB14B7500FDF3E4 /* SearchController.swift */; };
		F92DA58B1FB1519100FDF3E4 /* TaoKeService.swift in Sources */ = {isa = PBXBuildFile; fileRef = F92DA58A1FB1519100FDF3E4 /* TaoKeService.swift */; };
		F92DA58D1FB151A400FDF3E4 /* TaoKeTestService.swift in Sources */ = {isa = PBXBuildFile; fileRef = F92DA58C1FB151A400FDF3E4 /* TaoKeTestService.swift */; };
		F92DA5921FB1528A00FDF3E4 /* TaoKeProtocol.swift in Sources */ = {isa = PBXBuildFile; fileRef = F92DA5911FB1528A00FDF3E4 /* TaoKeProtocol.swift */; };
		F92DA5941FB152F900FDF3E4 /* TaoKeData.swift in Sources */ = {isa = PBXBuildFile; fileRef = F92DA5931FB152F900FDF3E4 /* TaoKeData.swift */; };
		F92DA5961FB169D600FDF3E4 /* TaoKeApi.swift in Sources */ = {isa = PBXBuildFile; fileRef = F92DA5951FB169D600FDF3E4 /* TaoKeApi.swift */; };
		F92DA5981FB1780800FDF3E4 /* RxHelper.swift in Sources */ = {isa = PBXBuildFile; fileRef = F92DA5971FB1780800FDF3E4 /* RxHelper.swift */; };
		F93802DD1FB3F1D300803475 /* BrandCell.swift in Sources */ = {isa = PBXBuildFile; fileRef = F93802DC1FB3F1D300803475 /* BrandCell.swift */; };
		F93802DF1FB3F1ED00803475 /* BrandCell.xib in Resources */ = {isa = PBXBuildFile; fileRef = F93802DE1FB3F1ED00803475 /* BrandCell.xib */; };
		F949F8E01FBC324800E8382A /* ProductCell.xib in Resources */ = {isa = PBXBuildFile; fileRef = F949F8DF1FBC324800E8382A /* ProductCell.xib */; };
		F95361FC1FBD4AD2008A5819 /* Events.swift in Sources */ = {isa = PBXBuildFile; fileRef = F95361FB1FBD4AD2008A5819 /* Events.swift */; };
		F95361FF1FBD5677008A5819 /* ShareController.swift in Sources */ = {isa = PBXBuildFile; fileRef = F95361FE1FBD5677008A5819 /* ShareController.swift */; };
		F95B203B1FB1A54200AC57E4 /* CouponTab.swift in Sources */ = {isa = PBXBuildFile; fileRef = F95B203A1FB1A54200AC57E4 /* CouponTab.swift */; };
		F9758B641FBAD561009C0BEE /* CouponItemDetail.swift in Sources */ = {isa = PBXBuildFile; fileRef = F9758B631FBAD561009C0BEE /* CouponItemDetail.swift */; };
		F97841F41FC2548F001954D3 /* IntroController.swift in Sources */ = {isa = PBXBuildFile; fileRef = F97841F31FC2548F001954D3 /* IntroController.swift */; };
		F97841FA1FC25B3B001954D3 /* Intro.storyboard in Resources */ = {isa = PBXBuildFile; fileRef = F97841F91FC25B3B001954D3 /* Intro.storyboard */; };
		F97841FC1FC266C8001954D3 /* SignIn.storyboard in Resources */ = {isa = PBXBuildFile; fileRef = F97841FB1FC266C8001954D3 /* SignIn.storyboard */; };
		F97841FE1FC279A7001954D3 /* SignUpController.swift in Sources */ = {isa = PBXBuildFile; fileRef = F97841FD1FC279A7001954D3 /* SignUpController.swift */; };
		F97842001FC279B4001954D3 /* SignInController.swift in Sources */ = {isa = PBXBuildFile; fileRef = F97841FF1FC279B4001954D3 /* SignInController.swift */; };
		F97842021FC2A201001954D3 /* SignUpInfoController.swift in Sources */ = {isa = PBXBuildFile; fileRef = F97842011FC2A201001954D3 /* SignUpInfoController.swift */; };
		F97842041FC2A544001954D3 /* ResetPasswordController.swift in Sources */ = {isa = PBXBuildFile; fileRef = F97842031FC2A544001954D3 /* ResetPasswordController.swift */; };
		F97842061FC2AE06001954D3 /* RegExpUtil.swift in Sources */ = {isa = PBXBuildFile; fileRef = F97842051FC2AE06001954D3 /* RegExpUtil.swift */; };
		F98D01191FBD73C7003A3F4F /* ShareImageCell.swift in Sources */ = {isa = PBXBuildFile; fileRef = F98D01181FBD73C7003A3F4F /* ShareImageCell.swift */; };
		F98D011B1FBD7472003A3F4F /* ShareImageDataSource.swift in Sources */ = {isa = PBXBuildFile; fileRef = F98D011A1FBD7472003A3F4F /* ShareImageDataSource.swift */; };
		F98D011D1FBD74A1003A3F4F /* ShareImage.swift in Sources */ = {isa = PBXBuildFile; fileRef = F98D011C1FBD74A1003A3F4F /* ShareImage.swift */; };
		F98D19F51FBA970500B0F9D0 /* Detail.storyboard in Resources */ = {isa = PBXBuildFile; fileRef = F98D19F41FBA970500B0F9D0 /* Detail.storyboard */; };
		F98D19F71FBA975700B0F9D0 /* Search.storyboard in Resources */ = {isa = PBXBuildFile; fileRef = F98D19F61FBA975700B0F9D0 /* Search.storyboard */; };
		F99662111FB41083002CF243 /* CouponCell.swift in Sources */ = {isa = PBXBuildFile; fileRef = F99662101FB41083002CF243 /* CouponCell.swift */; };
		F99662131FB410AD002CF243 /* CouponCell.xib in Resources */ = {isa = PBXBuildFile; fileRef = F99662121FB410AD002CF243 /* CouponCell.xib */; };
		F99D08DF1FBD5C2700A6CA6E /* Share.storyboard in Resources */ = {isa = PBXBuildFile; fileRef = F99D08DE1FBD5C2700A6CA6E /* Share.storyboard */; };
		F9A44AAA1FB00AF200EC2EDD /* RAMScaleUpAnimation.swift in Sources */ = {isa = PBXBuildFile; fileRef = F9A44AA91FB00AF200EC2EDD /* RAMScaleUpAnimation.swift */; };
		F9B65BDE1FBBD7A900413211 /* ProductList.storyboard in Resources */ = {isa = PBXBuildFile; fileRef = F9B65BDD1FBBD7A900413211 /* ProductList.storyboard */; };
		F9B65BE01FBBD7CA00413211 /* ProductListController.swift in Sources */ = {isa = PBXBuildFile; fileRef = F9B65BDF1FBBD7CA00413211 /* ProductListController.swift */; };
		F9B65BE21FBBDCBB00413211 /* BrandDateSource.swift in Sources */ = {isa = PBXBuildFile; fileRef = F9B65BE11FBBDCBB00413211 /* BrandDateSource.swift */; };
		F9B7E01B1FBC0DFC00E4CCE2 /* ProductDataSource.swift in Sources */ = {isa = PBXBuildFile; fileRef = F9B7E01A1FBC0DFC00E4CCE2 /* ProductDataSource.swift */; };
		F9B7E01D1FBC197600E4CCE2 /* ProductCell.swift in Sources */ = {isa = PBXBuildFile; fileRef = F9B7E01C1FBC197600E4CCE2 /* ProductCell.swift */; };
		F9B7E01F1FBC1B3400E4CCE2 /* Product.swift in Sources */ = {isa = PBXBuildFile; fileRef = F9B7E01E1FBC1B3400E4CCE2 /* Product.swift */; };
		F9D6FAE71FB03C7500930751 /* DiscoverController.swift in Sources */ = {isa = PBXBuildFile; fileRef = F9D6FAE61FB03C7500930751 /* DiscoverController.swift */; };
		F9EA8FCE1FAFDE7F00EBB95C /* SplashController.swift in Sources */ = {isa = PBXBuildFile; fileRef = F9EA8FCD1FAFDE7F00EBB95C /* SplashController.swift */; };
		F9F6439E1FB69ECC00EC14F3 /* CouponItem.swift in Sources */ = {isa = PBXBuildFile; fileRef = F9F6439D1FB69ECC00EC14F3 /* CouponItem.swift */; };
		FC4399495122137E8C7EDA49 /* Pods_TaoKe.framework in Frameworks */ = {isa = PBXBuildFile; fileRef = AA06AA39800470287AC8E9FE /* Pods_TaoKe.framework */; };
/* End PBXBuildFile section */

/* Begin PBXFileReference section */
		030F2ED6F7365B37BEB79011 /* Pods-TaoKe.release.xcconfig */ = {isa = PBXFileReference; includeInIndex = 1; lastKnownFileType = text.xcconfig; name = "Pods-TaoKe.release.xcconfig"; path = "Pods/Target Support Files/Pods-TaoKe/Pods-TaoKe.release.xcconfig"; sourceTree = "<group>"; };
		60DAA4CA40448DBA119C2C64 /* Pods-TaoKe.debug.xcconfig */ = {isa = PBXFileReference; includeInIndex = 1; lastKnownFileType = text.xcconfig; name = "Pods-TaoKe.debug.xcconfig"; path = "Pods/Target Support Files/Pods-TaoKe/Pods-TaoKe.debug.xcconfig"; sourceTree = "<group>"; };
		AA06AA39800470287AC8E9FE /* Pods_TaoKe.framework */ = {isa = PBXFileReference; explicitFileType = wrapper.framework; includeInIndex = 0; path = Pods_TaoKe.framework; sourceTree = BUILT_PRODUCTS_DIR; };
		F907D8BE1FB93DF4000BC49F /* DetailController.swift */ = {isa = PBXFileReference; lastKnownFileType = sourcecode.swift; path = DetailController.swift; sourceTree = "<group>"; };
		F907D8C01FB97498000BC49F /* MVCHelper.swift */ = {isa = PBXFileReference; lastKnownFileType = sourcecode.swift; path = MVCHelper.swift; sourceTree = "<group>"; };
		F907D8C31FB97513000BC49F /* RxDataSource.swift */ = {isa = PBXFileReference; lastKnownFileType = sourcecode.swift; path = RxDataSource.swift; sourceTree = "<group>"; };
		F907D8C51FB981DF000BC49F /* CouponDataSource.swift */ = {isa = PBXFileReference; lastKnownFileType = sourcecode.swift; path = CouponDataSource.swift; sourceTree = "<group>"; };
		F90EA80B1FB3DDCC00184D04 /* BrandItem.swift */ = {isa = PBXFileReference; lastKnownFileType = sourcecode.swift; path = BrandItem.swift; sourceTree = "<group>"; };
		F90EA80D1FB3E56500184D04 /* DiscoverHeaderView.xib */ = {isa = PBXFileReference; lastKnownFileType = file.xib; path = DiscoverHeaderView.xib; sourceTree = "<group>"; };
		F90EA80F1FB3E57600184D04 /* DiscoverHeaderView.swift */ = {isa = PBXFileReference; lastKnownFileType = sourcecode.swift; path = DiscoverHeaderView.swift; sourceTree = "<group>"; };
		F92C68C81FAAE32C005CD910 /* TaoKe.app */ = {isa = PBXFileReference; explicitFileType = wrapper.application; includeInIndex = 0; path = TaoKe.app; sourceTree = BUILT_PRODUCTS_DIR; };
		F92C68CB1FAAE32C005CD910 /* AppDelegate.swift */ = {isa = PBXFileReference; lastKnownFileType = sourcecode.swift; path = AppDelegate.swift; sourceTree = "<group>"; };
		F92C68CD1FAAE32C005CD910 /* TaoKeController.swift */ = {isa = PBXFileReference; lastKnownFileType = sourcecode.swift; path = TaoKeController.swift; sourceTree = "<group>"; };
		F92C68D01FAAE32C005CD910 /* Base */ = {isa = PBXFileReference; lastKnownFileType = file.storyboard; name = Base; path = Base.lproj/Main.storyboard; sourceTree = "<group>"; };
		F92C68D21FAAE32C005CD910 /* Assets.xcassets */ = {isa = PBXFileReference; lastKnownFileType = folder.assetcatalog; path = Assets.xcassets; sourceTree = "<group>"; };
		F92C68D51FAAE32C005CD910 /* Base */ = {isa = PBXFileReference; lastKnownFileType = file.storyboard; name = Base; path = Base.lproj/LaunchScreen.storyboard; sourceTree = "<group>"; };
		F92C68D71FAAE32C005CD910 /* Info.plist */ = {isa = PBXFileReference; lastKnownFileType = text.plist.xml; path = Info.plist; sourceTree = "<group>"; };
		F92DA5881FB14B7500FDF3E4 /* SearchController.swift */ = {isa = PBXFileReference; lastKnownFileType = sourcecode.swift; path = SearchController.swift; sourceTree = "<group>"; };
		F92DA58A1FB1519100FDF3E4 /* TaoKeService.swift */ = {isa = PBXFileReference; lastKnownFileType = sourcecode.swift; path = TaoKeService.swift; sourceTree = "<group>"; };
		F92DA58C1FB151A400FDF3E4 /* TaoKeTestService.swift */ = {isa = PBXFileReference; lastKnownFileType = sourcecode.swift; path = TaoKeTestService.swift; sourceTree = "<group>"; };
		F92DA5911FB1528A00FDF3E4 /* TaoKeProtocol.swift */ = {isa = PBXFileReference; lastKnownFileType = sourcecode.swift; path = TaoKeProtocol.swift; sourceTree = "<group>"; };
		F92DA5931FB152F900FDF3E4 /* TaoKeData.swift */ = {isa = PBXFileReference; lastKnownFileType = sourcecode.swift; path = TaoKeData.swift; sourceTree = "<group>"; };
		F92DA5951FB169D600FDF3E4 /* TaoKeApi.swift */ = {isa = PBXFileReference; lastKnownFileType = sourcecode.swift; path = TaoKeApi.swift; sourceTree = "<group>"; };
		F92DA5971FB1780800FDF3E4 /* RxHelper.swift */ = {isa = PBXFileReference; lastKnownFileType = sourcecode.swift; path = RxHelper.swift; sourceTree = "<group>"; };
		F93802DC1FB3F1D300803475 /* BrandCell.swift */ = {isa = PBXFileReference; lastKnownFileType = sourcecode.swift; path = BrandCell.swift; sourceTree = "<group>"; };
		F93802DE1FB3F1ED00803475 /* BrandCell.xib */ = {isa = PBXFileReference; lastKnownFileType = file.xib; path = BrandCell.xib; sourceTree = "<group>"; };
		F949F8DF1FBC324800E8382A /* ProductCell.xib */ = {isa = PBXFileReference; lastKnownFileType = file.xib; path = ProductCell.xib; sourceTree = "<group>"; };
		F95361FB1FBD4AD2008A5819 /* Events.swift */ = {isa = PBXFileReference; lastKnownFileType = sourcecode.swift; path = Events.swift; sourceTree = "<group>"; };
		F95361FE1FBD5677008A5819 /* ShareController.swift */ = {isa = PBXFileReference; lastKnownFileType = sourcecode.swift; path = ShareController.swift; sourceTree = "<group>"; };
		F95B203A1FB1A54200AC57E4 /* CouponTab.swift */ = {isa = PBXFileReference; lastKnownFileType = sourcecode.swift; path = CouponTab.swift; sourceTree = "<group>"; };
		F9758B631FBAD561009C0BEE /* CouponItemDetail.swift */ = {isa = PBXFileReference; lastKnownFileType = sourcecode.swift; path = CouponItemDetail.swift; sourceTree = "<group>"; };
		F97841F31FC2548F001954D3 /* IntroController.swift */ = {isa = PBXFileReference; lastKnownFileType = sourcecode.swift; path = IntroController.swift; sourceTree = "<group>"; };
		F97841F91FC25B3B001954D3 /* Intro.storyboard */ = {isa = PBXFileReference; lastKnownFileType = file.storyboard; path = Intro.storyboard; sourceTree = "<group>"; };
		F97841FB1FC266C8001954D3 /* SignIn.storyboard */ = {isa = PBXFileReference; lastKnownFileType = file.storyboard; path = SignIn.storyboard; sourceTree = "<group>"; };
		F97841FD1FC279A7001954D3 /* SignUpController.swift */ = {isa = PBXFileReference; lastKnownFileType = sourcecode.swift; path = SignUpController.swift; sourceTree = "<group>"; };
		F97841FF1FC279B4001954D3 /* SignInController.swift */ = {isa = PBXFileReference; lastKnownFileType = sourcecode.swift; path = SignInController.swift; sourceTree = "<group>"; };
		F97842011FC2A201001954D3 /* SignUpInfoController.swift */ = {isa = PBXFileReference; lastKnownFileType = sourcecode.swift; path = SignUpInfoController.swift; sourceTree = "<group>"; };
		F97842031FC2A544001954D3 /* ResetPasswordController.swift */ = {isa = PBXFileReference; lastKnownFileType = sourcecode.swift; path = ResetPasswordController.swift; sourceTree = "<group>"; };
		F97842051FC2AE06001954D3 /* RegExpUtil.swift */ = {isa = PBXFileReference; lastKnownFileType = sourcecode.swift; path = RegExpUtil.swift; sourceTree = "<group>"; };
		F98D01181FBD73C7003A3F4F /* ShareImageCell.swift */ = {isa = PBXFileReference; lastKnownFileType = sourcecode.swift; path = ShareImageCell.swift; sourceTree = "<group>"; };
		F98D011A1FBD7472003A3F4F /* ShareImageDataSource.swift */ = {isa = PBXFileReference; lastKnownFileType = sourcecode.swift; path = ShareImageDataSource.swift; sourceTree = "<group>"; };
		F98D011C1FBD74A1003A3F4F /* ShareImage.swift */ = {isa = PBXFileReference; lastKnownFileType = sourcecode.swift; path = ShareImage.swift; sourceTree = "<group>"; };
		F98D19F41FBA970500B0F9D0 /* Detail.storyboard */ = {isa = PBXFileReference; lastKnownFileType = file.storyboard; path = Detail.storyboard; sourceTree = "<group>"; };
		F98D19F61FBA975700B0F9D0 /* Search.storyboard */ = {isa = PBXFileReference; lastKnownFileType = file.storyboard; path = Search.storyboard; sourceTree = "<group>"; };
		F99662101FB41083002CF243 /* CouponCell.swift */ = {isa = PBXFileReference; lastKnownFileType = sourcecode.swift; path = CouponCell.swift; sourceTree = "<group>"; };
		F99662121FB410AD002CF243 /* CouponCell.xib */ = {isa = PBXFileReference; lastKnownFileType = file.xib; path = CouponCell.xib; sourceTree = "<group>"; };
		F99D08DE1FBD5C2700A6CA6E /* Share.storyboard */ = {isa = PBXFileReference; lastKnownFileType = file.storyboard; path = Share.storyboard; sourceTree = "<group>"; };
		F9A44AA91FB00AF200EC2EDD /* RAMScaleUpAnimation.swift */ = {isa = PBXFileReference; lastKnownFileType = sourcecode.swift; path = RAMScaleUpAnimation.swift; sourceTree = "<group>"; };
		F9B65BDD1FBBD7A900413211 /* ProductList.storyboard */ = {isa = PBXFileReference; lastKnownFileType = file.storyboard; path = ProductList.storyboard; sourceTree = "<group>"; };
		F9B65BDF1FBBD7CA00413211 /* ProductListController.swift */ = {isa = PBXFileReference; lastKnownFileType = sourcecode.swift; path = ProductListController.swift; sourceTree = "<group>"; };
		F9B65BE11FBBDCBB00413211 /* BrandDateSource.swift */ = {isa = PBXFileReference; lastKnownFileType = sourcecode.swift; path = BrandDateSource.swift; sourceTree = "<group>"; };
		F9B7E01A1FBC0DFC00E4CCE2 /* ProductDataSource.swift */ = {isa = PBXFileReference; lastKnownFileType = sourcecode.swift; path = ProductDataSource.swift; sourceTree = "<group>"; };
		F9B7E01C1FBC197600E4CCE2 /* ProductCell.swift */ = {isa = PBXFileReference; lastKnownFileType = sourcecode.swift; path = ProductCell.swift; sourceTree = "<group>"; };
		F9B7E01E1FBC1B3400E4CCE2 /* Product.swift */ = {isa = PBXFileReference; lastKnownFileType = sourcecode.swift; path = Product.swift; sourceTree = "<group>"; };
		F9D6FAE61FB03C7500930751 /* DiscoverController.swift */ = {isa = PBXFileReference; lastKnownFileType = sourcecode.swift; path = DiscoverController.swift; sourceTree = "<group>"; };
		F9EA8FCD1FAFDE7F00EBB95C /* SplashController.swift */ = {isa = PBXFileReference; lastKnownFileType = sourcecode.swift; path = SplashController.swift; sourceTree = "<group>"; };
		F9F3A7E01FAC0D6B00D73A50 /* BridgingHeader.h */ = {isa = PBXFileReference; lastKnownFileType = sourcecode.c.h; path = BridgingHeader.h; sourceTree = "<group>"; };
		F9F6439D1FB69ECC00EC14F3 /* CouponItem.swift */ = {isa = PBXFileReference; lastKnownFileType = sourcecode.swift; path = CouponItem.swift; sourceTree = "<group>"; };
/* End PBXFileReference section */

/* Begin PBXFrameworksBuildPhase section */
		F92C68C51FAAE32C005CD910 /* Frameworks */ = {
			isa = PBXFrameworksBuildPhase;
			buildActionMask = 2147483647;
			files = (
				FC4399495122137E8C7EDA49 /* Pods_TaoKe.framework in Frameworks */,
			);
			runOnlyForDeploymentPostprocessing = 0;
		};
/* End PBXFrameworksBuildPhase section */

/* Begin PBXGroup section */
		215329D4FC5F1019838D25E0 /* Pods */ = {
			isa = PBXGroup;
			children = (
				60DAA4CA40448DBA119C2C64 /* Pods-TaoKe.debug.xcconfig */,
				030F2ED6F7365B37BEB79011 /* Pods-TaoKe.release.xcconfig */,
			);
			name = Pods;
			sourceTree = "<group>";
		};
		2263801E9E15ECFB303B7C93 /* Frameworks */ = {
			isa = PBXGroup;
			children = (
				AA06AA39800470287AC8E9FE /* Pods_TaoKe.framework */,
			);
			name = Frameworks;
			sourceTree = "<group>";
		};
		F907D8C21FB974A0000BC49F /* mvc */ = {
			isa = PBXGroup;
			children = (
				F907D8C01FB97498000BC49F /* MVCHelper.swift */,
				F907D8C31FB97513000BC49F /* RxDataSource.swift */,
			);
			path = mvc;
			sourceTree = "<group>";
		};
		F907D8C71FB981E2000BC49F /* datasource */ = {
			isa = PBXGroup;
			children = (
				F9B65BE11FBBDCBB00413211 /* BrandDateSource.swift */,
				F9B7E01A1FBC0DFC00E4CCE2 /* ProductDataSource.swift */,
				F907D8C51FB981DF000BC49F /* CouponDataSource.swift */,
				F98D011A1FBD7472003A3F4F /* ShareImageDataSource.swift */,
			);
			path = datasource;
			sourceTree = "<group>";
		};
		F90EA8111FB3E57A00184D04 /* view */ = {
			isa = PBXGroup;
			children = (
				F90EA80F1FB3E57600184D04 /* DiscoverHeaderView.swift */,
				F93802DC1FB3F1D300803475 /* BrandCell.swift */,
				F99662101FB41083002CF243 /* CouponCell.swift */,
				F9B7E01C1FBC197600E4CCE2 /* ProductCell.swift */,
				F98D01181FBD73C7003A3F4F /* ShareImageCell.swift */,
			);
			path = view;
			sourceTree = "<group>";
		};
		F92C68BF1FAAE32C005CD910 = {
			isa = PBXGroup;
			children = (
				F9F3A7E01FAC0D6B00D73A50 /* BridgingHeader.h */,
				F92C68CA1FAAE32C005CD910 /* TaoKe */,
				F92C68C91FAAE32C005CD910 /* Products */,
				215329D4FC5F1019838D25E0 /* Pods */,
				2263801E9E15ECFB303B7C93 /* Frameworks */,
			);
			sourceTree = "<group>";
		};
		F92C68C91FAAE32C005CD910 /* Products */ = {
			isa = PBXGroup;
			children = (
				F92C68C81FAAE32C005CD910 /* TaoKe.app */,
			);
			name = Products;
			sourceTree = "<group>";
		};
		F92C68CA1FAAE32C005CD910 /* TaoKe */ = {
			isa = PBXGroup;
			children = (
				F95361FD1FBD4AD6008A5819 /* rxbus */,
				F92DA58E1FB151A900FDF3E4 /* api */,
				F907D8C21FB974A0000BC49F /* mvc */,
				F95B203C1FB1A58E00AC57E4 /* model */,
				F907D8C71FB981E2000BC49F /* datasource */,
				F92DA58F1FB151EB00FDF3E4 /* ui */,
				F97842071FC2AE30001954D3 /* util */,
				F92C68CB1FAAE32C005CD910 /* AppDelegate.swift */,
				F92C68D21FAAE32C005CD910 /* Assets.xcassets */,
				F92C68D71FAAE32C005CD910 /* Info.plist */,
			);
			path = TaoKe;
			sourceTree = "<group>";
		};
		F92DA58E1FB151A900FDF3E4 /* api */ = {
			isa = PBXGroup;
			children = (
				F92DA58A1FB1519100FDF3E4 /* TaoKeService.swift */,
				F92DA58C1FB151A400FDF3E4 /* TaoKeTestService.swift */,
				F92DA5911FB1528A00FDF3E4 /* TaoKeProtocol.swift */,
				F92DA5931FB152F900FDF3E4 /* TaoKeData.swift */,
				F92DA5951FB169D600FDF3E4 /* TaoKeApi.swift */,
				F92DA5971FB1780800FDF3E4 /* RxHelper.swift */,
			);
			path = api;
			sourceTree = "<group>";
		};
		F92DA58F1FB151EB00FDF3E4 /* ui */ = {
			isa = PBXGroup;
			children = (
				F92DA5901FB151FF00FDF3E4 /* animation */,
				F9EA8FCC1FAFDE1600EBB95C /* controller */,
				F90EA8111FB3E57A00184D04 /* view */,
				F98D19F21FBA961000B0F9D0 /* sb */,
				F98D19F31FBA962A00B0F9D0 /* nb */,
			);
			path = ui;
			sourceTree = "<group>";
		};
		F92DA5901FB151FF00FDF3E4 /* animation */ = {
			isa = PBXGroup;
			children = (
				F9A44AA91FB00AF200EC2EDD /* RAMScaleUpAnimation.swift */,
			);
			path = animation;
			sourceTree = "<group>";
		};
		F95361FD1FBD4AD6008A5819 /* rxbus */ = {
			isa = PBXGroup;
			children = (
				F95361FB1FBD4AD2008A5819 /* Events.swift */,
			);
			path = rxbus;
			sourceTree = "<group>";
		};
		F95B203C1FB1A58E00AC57E4 /* model */ = {
			isa = PBXGroup;
			children = (
				F95B203A1FB1A54200AC57E4 /* CouponTab.swift */,
				F90EA80B1FB3DDCC00184D04 /* BrandItem.swift */,
				F9B7E01E1FBC1B3400E4CCE2 /* Product.swift */,
				F9F6439D1FB69ECC00EC14F3 /* CouponItem.swift */,
				F9758B631FBAD561009C0BEE /* CouponItemDetail.swift */,
				F98D011C1FBD74A1003A3F4F /* ShareImage.swift */,
			);
			path = model;
			sourceTree = "<group>";
		};
		F97842071FC2AE30001954D3 /* util */ = {
			isa = PBXGroup;
			children = (
				F97842051FC2AE06001954D3 /* RegExpUtil.swift */,
			);
			path = util;
			sourceTree = "<group>";
		};
		F98D19F21FBA961000B0F9D0 /* sb */ = {
			isa = PBXGroup;
			children = (
				F92C68D41FAAE32C005CD910 /* LaunchScreen.storyboard */,
				F92C68CF1FAAE32C005CD910 /* Main.storyboard */,
				F97841FB1FC266C8001954D3 /* SignIn.storyboard */,
				F97841F91FC25B3B001954D3 /* Intro.storyboard */,
				F98D19F61FBA975700B0F9D0 /* Search.storyboard */,
				F9B65BDD1FBBD7A900413211 /* ProductList.storyboard */,
				F98D19F41FBA970500B0F9D0 /* Detail.storyboard */,
				F99D08DE1FBD5C2700A6CA6E /* Share.storyboard */,
			);
			path = sb;
			sourceTree = "<group>";
		};
		F98D19F31FBA962A00B0F9D0 /* nb */ = {
			isa = PBXGroup;
			children = (
				F90EA80D1FB3E56500184D04 /* DiscoverHeaderView.xib */,
				F93802DE1FB3F1ED00803475 /* BrandCell.xib */,
				F99662121FB410AD002CF243 /* CouponCell.xib */,
				F949F8DF1FBC324800E8382A /* ProductCell.xib */,
			);
			path = nb;
			sourceTree = "<group>";
		};
		F9EA8FCC1FAFDE1600EBB95C /* controller */ = {
			isa = PBXGroup;
			children = (
				F9EA8FCD1FAFDE7F00EBB95C /* SplashController.swift */,
				F97841FD1FC279A7001954D3 /* SignUpController.swift */,
				F97842011FC2A201001954D3 /* SignUpInfoController.swift */,
				F97841FF1FC279B4001954D3 /* SignInController.swift */,
				F97842031FC2A544001954D3 /* ResetPasswordController.swift */,
				F97841F31FC2548F001954D3 /* IntroController.swift */,
				F92C68CD1FAAE32C005CD910 /* TaoKeController.swift */,
				F9D6FAE61FB03C7500930751 /* DiscoverController.swift */,
				F92DA5881FB14B7500FDF3E4 /* SearchController.swift */,
				F9B65BDF1FBBD7CA00413211 /* ProductListController.swift */,
				F907D8BE1FB93DF4000BC49F /* DetailController.swift */,
				F95361FE1FBD5677008A5819 /* ShareController.swift */,
			);
			path = controller;
			sourceTree = "<group>";
		};
/* End PBXGroup section */

/* Begin PBXNativeTarget section */
		F92C68C71FAAE32C005CD910 /* TaoKe */ = {
			isa = PBXNativeTarget;
			buildConfigurationList = F92C68DA1FAAE32C005CD910 /* Build configuration list for PBXNativeTarget "TaoKe" */;
			buildPhases = (
				B50236B6D650058FA62AAA28 /* [CP] Check Pods Manifest.lock */,
				F92C68C41FAAE32C005CD910 /* Sources */,
				F92C68C51FAAE32C005CD910 /* Frameworks */,
				F92C68C61FAAE32C005CD910 /* Resources */,
				F878294256354365634B4BC1 /* [CP] Embed Pods Frameworks */,
				A26AB86D5950720E5B1475D9 /* [CP] Copy Pods Resources */,
			);
			buildRules = (
			);
			dependencies = (
			);
			name = TaoKe;
			productName = TaoKe;
			productReference = F92C68C81FAAE32C005CD910 /* TaoKe.app */;
			productType = "com.apple.product-type.application";
		};
/* End PBXNativeTarget section */

/* Begin PBXProject section */
		F92C68C01FAAE32C005CD910 /* Project object */ = {
			isa = PBXProject;
			attributes = {
				LastSwiftUpdateCheck = 0910;
				LastUpgradeCheck = 0910;
				ORGANIZATIONNAME = "jason tsang";
				TargetAttributes = {
					F92C68C71FAAE32C005CD910 = {
						CreatedOnToolsVersion = 9.1;
						ProvisioningStyle = Automatic;
					};
				};
			};
			buildConfigurationList = F92C68C31FAAE32C005CD910 /* Build configuration list for PBXProject "TaoKe" */;
			compatibilityVersion = "Xcode 8.0";
			developmentRegion = en;
			hasScannedForEncodings = 0;
			knownRegions = (
				en,
				Base,
			);
			mainGroup = F92C68BF1FAAE32C005CD910;
			productRefGroup = F92C68C91FAAE32C005CD910 /* Products */;
			projectDirPath = "";
			projectRoot = "";
			targets = (
				F92C68C71FAAE32C005CD910 /* TaoKe */,
			);
		};
/* End PBXProject section */

/* Begin PBXResourcesBuildPhase section */
		F92C68C61FAAE32C005CD910 /* Resources */ = {
			isa = PBXResourcesBuildPhase;
			buildActionMask = 2147483647;
			files = (
				F9B65BDE1FBBD7A900413211 /* ProductList.storyboard in Resources */,
				F92C68D61FAAE32C005CD910 /* LaunchScreen.storyboard in Resources */,
				F92C68D31FAAE32C005CD910 /* Assets.xcassets in Resources */,
				F98D19F51FBA970500B0F9D0 /* Detail.storyboard in Resources */,
				F90EA80E1FB3E56500184D04 /* DiscoverHeaderView.xib in Resources */,
				F99662131FB410AD002CF243 /* CouponCell.xib in Resources */,
				F92C68D11FAAE32C005CD910 /* Main.storyboard in Resources */,
				F949F8E01FBC324800E8382A /* ProductCell.xib in Resources */,
				F99D08DF1FBD5C2700A6CA6E /* Share.storyboard in Resources */,
				F97841FC1FC266C8001954D3 /* SignIn.storyboard in Resources */,
				F98D19F71FBA975700B0F9D0 /* Search.storyboard in Resources */,
				F93802DF1FB3F1ED00803475 /* BrandCell.xib in Resources */,
				F97841FA1FC25B3B001954D3 /* Intro.storyboard in Resources */,
			);
			runOnlyForDeploymentPostprocessing = 0;
		};
/* End PBXResourcesBuildPhase section */

/* Begin PBXShellScriptBuildPhase section */
		A26AB86D5950720E5B1475D9 /* [CP] Copy Pods Resources */ = {
			isa = PBXShellScriptBuildPhase;
			buildActionMask = 2147483647;
			files = (
			);
			inputPaths = (
			);
			name = "[CP] Copy Pods Resources";
			outputPaths = (
			);
			runOnlyForDeploymentPostprocessing = 0;
			shellPath = /bin/sh;
			shellScript = "\"${SRCROOT}/Pods/Target Support Files/Pods-TaoKe/Pods-TaoKe-resources.sh\"\n";
			showEnvVarsInLog = 0;
		};
		B50236B6D650058FA62AAA28 /* [CP] Check Pods Manifest.lock */ = {
			isa = PBXShellScriptBuildPhase;
			buildActionMask = 2147483647;
			files = (
			);
			inputPaths = (
				"${PODS_PODFILE_DIR_PATH}/Podfile.lock",
				"${PODS_ROOT}/Manifest.lock",
			);
			name = "[CP] Check Pods Manifest.lock";
			outputPaths = (
				"$(DERIVED_FILE_DIR)/Pods-TaoKe-checkManifestLockResult.txt",
			);
			runOnlyForDeploymentPostprocessing = 0;
			shellPath = /bin/sh;
			shellScript = "diff \"${PODS_PODFILE_DIR_PATH}/Podfile.lock\" \"${PODS_ROOT}/Manifest.lock\" > /dev/null\nif [ $? != 0 ] ; then\n    # print error to STDERR\n    echo \"error: The sandbox is not in sync with the Podfile.lock. Run 'pod install' or update your CocoaPods installation.\" >&2\n    exit 1\nfi\n# This output is used by Xcode 'outputs' to avoid re-running this script phase.\necho \"SUCCESS\" > \"${SCRIPT_OUTPUT_FILE_0}\"\n";
			showEnvVarsInLog = 0;
		};
		F878294256354365634B4BC1 /* [CP] Embed Pods Frameworks */ = {
			isa = PBXShellScriptBuildPhase;
			buildActionMask = 2147483647;
			files = (
			);
			inputPaths = (
				"${SRCROOT}/Pods/Target Support Files/Pods-TaoKe/Pods-TaoKe-frameworks.sh",
				"${BUILT_PRODUCTS_DIR}/CleanroomLogger/CleanroomLogger.framework",
				"${BUILT_PRODUCTS_DIR}/Differentiator/Differentiator.framework",
				"${BUILT_PRODUCTS_DIR}/EAIntroView/EAIntroView.framework",
				"${BUILT_PRODUCTS_DIR}/EARestrictedScrollView/EARestrictedScrollView.framework",
				"${BUILT_PRODUCTS_DIR}/ELWaterFallLayout/ELWaterFallLayout.framework",
				"${BUILT_PRODUCTS_DIR}/FontAwesomeKit/FontAwesomeKit.framework",
				"${BUILT_PRODUCTS_DIR}/GSKStretchyHeaderView/GSKStretchyHeaderView.framework",
				"${BUILT_PRODUCTS_DIR}/HandyJSON/HandyJSON.framework",
				"${BUILT_PRODUCTS_DIR}/ISO8601DateFormatterValueTransformer/ISO8601DateFormatterValueTransformer.framework",
				"${BUILT_PRODUCTS_DIR}/ImageSlideshow/ImageSlideshow.framework",
				"${BUILT_PRODUCTS_DIR}/Kingfisher/Kingfisher.framework",
				"${BUILT_PRODUCTS_DIR}/MEVFloatingButton/MEVFloatingButton.framework",
				"${BUILT_PRODUCTS_DIR}/MJRefresh/MJRefresh.framework",
				"${BUILT_PRODUCTS_DIR}/RAMAnimatedTabBarController/RAMAnimatedTabBarController.framework",
				"${BUILT_PRODUCTS_DIR}/RKValueTransformers/RKValueTransformers.framework",
				"${BUILT_PRODUCTS_DIR}/RestKit/RestKit.framework",
				"${BUILT_PRODUCTS_DIR}/RxBus/RxBus.framework",
				"${BUILT_PRODUCTS_DIR}/RxCocoa/RxCocoa.framework",
				"${BUILT_PRODUCTS_DIR}/RxDataSources/RxDataSources.framework",
				"${BUILT_PRODUCTS_DIR}/RxSegue/RxSegue.framework",
				"${BUILT_PRODUCTS_DIR}/RxSwift/RxSwift.framework",
				"${BUILT_PRODUCTS_DIR}/RxViewModel/RxViewModel.framework",
				"${BUILT_PRODUCTS_DIR}/SOCKit/SOCKit.framework",
				"${BUILT_PRODUCTS_DIR}/TabLayoutView/TabLayoutView.framework",
				"${BUILT_PRODUCTS_DIR}/Toast-Swift/Toast_Swift.framework",
				"${BUILT_PRODUCTS_DIR}/TransitionKit/TransitionKit.framework",
				"${BUILT_PRODUCTS_DIR}/UIColor_Hex_Swift/UIColor_Hex_Swift.framework",
			);
			name = "[CP] Embed Pods Frameworks";
			outputPaths = (
				"${TARGET_BUILD_DIR}/${FRAMEWORKS_FOLDER_PATH}/CleanroomLogger.framework",
				"${TARGET_BUILD_DIR}/${FRAMEWORKS_FOLDER_PATH}/Differentiator.framework",
				"${TARGET_BUILD_DIR}/${FRAMEWORKS_FOLDER_PATH}/EAIntroView.framework",
				"${TARGET_BUILD_DIR}/${FRAMEWORKS_FOLDER_PATH}/EARestrictedScrollView.framework",
				"${TARGET_BUILD_DIR}/${FRAMEWORKS_FOLDER_PATH}/ELWaterFallLayout.framework",
				"${TARGET_BUILD_DIR}/${FRAMEWORKS_FOLDER_PATH}/FontAwesomeKit.framework",
				"${TARGET_BUILD_DIR}/${FRAMEWORKS_FOLDER_PATH}/GSKStretchyHeaderView.framework",
				"${TARGET_BUILD_DIR}/${FRAMEWORKS_FOLDER_PATH}/HandyJSON.framework",
				"${TARGET_BUILD_DIR}/${FRAMEWORKS_FOLDER_PATH}/ISO8601DateFormatterValueTransformer.framework",
				"${TARGET_BUILD_DIR}/${FRAMEWORKS_FOLDER_PATH}/ImageSlideshow.framework",
				"${TARGET_BUILD_DIR}/${FRAMEWORKS_FOLDER_PATH}/Kingfisher.framework",
				"${TARGET_BUILD_DIR}/${FRAMEWORKS_FOLDER_PATH}/MEVFloatingButton.framework",
				"${TARGET_BUILD_DIR}/${FRAMEWORKS_FOLDER_PATH}/MJRefresh.framework",
				"${TARGET_BUILD_DIR}/${FRAMEWORKS_FOLDER_PATH}/RAMAnimatedTabBarController.framework",
				"${TARGET_BUILD_DIR}/${FRAMEWORKS_FOLDER_PATH}/RKValueTransformers.framework",
				"${TARGET_BUILD_DIR}/${FRAMEWORKS_FOLDER_PATH}/RestKit.framework",
				"${TARGET_BUILD_DIR}/${FRAMEWORKS_FOLDER_PATH}/RxBus.framework",
				"${TARGET_BUILD_DIR}/${FRAMEWORKS_FOLDER_PATH}/RxCocoa.framework",
				"${TARGET_BUILD_DIR}/${FRAMEWORKS_FOLDER_PATH}/RxDataSources.framework",
				"${TARGET_BUILD_DIR}/${FRAMEWORKS_FOLDER_PATH}/RxSegue.framework",
				"${TARGET_BUILD_DIR}/${FRAMEWORKS_FOLDER_PATH}/RxSwift.framework",
				"${TARGET_BUILD_DIR}/${FRAMEWORKS_FOLDER_PATH}/RxViewModel.framework",
				"${TARGET_BUILD_DIR}/${FRAMEWORKS_FOLDER_PATH}/SOCKit.framework",
				"${TARGET_BUILD_DIR}/${FRAMEWORKS_FOLDER_PATH}/TabLayoutView.framework",
				"${TARGET_BUILD_DIR}/${FRAMEWORKS_FOLDER_PATH}/Toast_Swift.framework",
				"${TARGET_BUILD_DIR}/${FRAMEWORKS_FOLDER_PATH}/TransitionKit.framework",
				"${TARGET_BUILD_DIR}/${FRAMEWORKS_FOLDER_PATH}/UIColor_Hex_Swift.framework",
			);
			runOnlyForDeploymentPostprocessing = 0;
			shellPath = /bin/sh;
			shellScript = "\"${SRCROOT}/Pods/Target Support Files/Pods-TaoKe/Pods-TaoKe-frameworks.sh\"\n";
			showEnvVarsInLog = 0;
		};
/* End PBXShellScriptBuildPhase section */

/* Begin PBXSourcesBuildPhase section */
		F92C68C41FAAE32C005CD910 /* Sources */ = {
			isa = PBXSourcesBuildPhase;
			buildActionMask = 2147483647;
			files = (
				F907D8C11FB97498000BC49F /* MVCHelper.swift in Sources */,
				F90EA80C1FB3DDCC00184D04 /* BrandItem.swift in Sources */,
				F93802DD1FB3F1D300803475 /* BrandCell.swift in Sources */,
				F95361FF1FBD5677008A5819 /* ShareController.swift in Sources */,
				F97842021FC2A201001954D3 /* SignUpInfoController.swift in Sources */,
				F92DA5921FB1528A00FDF3E4 /* TaoKeProtocol.swift in Sources */,
				F9B65BE21FBBDCBB00413211 /* BrandDateSource.swift in Sources */,
				F907D8C61FB981DF000BC49F /* CouponDataSource.swift in Sources */,
				F9B7E01B1FBC0DFC00E4CCE2 /* ProductDataSource.swift in Sources */,
				F9D6FAE71FB03C7500930751 /* DiscoverController.swift in Sources */,
				F99662111FB41083002CF243 /* CouponCell.swift in Sources */,
				F97841F41FC2548F001954D3 /* IntroController.swift in Sources */,
				F92DA5941FB152F900FDF3E4 /* TaoKeData.swift in Sources */,
				F92DA5981FB1780800FDF3E4 /* RxHelper.swift in Sources */,
				F97842061FC2AE06001954D3 /* RegExpUtil.swift in Sources */,
				F90EA8101FB3E57600184D04 /* DiscoverHeaderView.swift in Sources */,
				F95B203B1FB1A54200AC57E4 /* CouponTab.swift in Sources */,
				F9B7E01F1FBC1B3400E4CCE2 /* Product.swift in Sources */,
				F92DA5891FB14B7500FDF3E4 /* SearchController.swift in Sources */,
				F92C68CE1FAAE32C005CD910 /* TaoKeController.swift in Sources */,
				F9B7E01D1FBC197600E4CCE2 /* ProductCell.swift in Sources */,
				F9758B641FBAD561009C0BEE /* CouponItemDetail.swift in Sources */,
				F9A44AAA1FB00AF200EC2EDD /* RAMScaleUpAnimation.swift in Sources */,
				F97842001FC279B4001954D3 /* SignInController.swift in Sources */,
				F9B65BE01FBBD7CA00413211 /* ProductListController.swift in Sources */,
				F907D8C41FB97513000BC49F /* RxDataSource.swift in Sources */,
				F98D011B1FBD7472003A3F4F /* ShareImageDataSource.swift in Sources */,
				F98D011D1FBD74A1003A3F4F /* ShareImage.swift in Sources */,
				F92DA58B1FB1519100FDF3E4 /* TaoKeService.swift in Sources */,
				F907D8BF1FB93DF4000BC49F /* DetailController.swift in Sources */,
				F98D01191FBD73C7003A3F4F /* ShareImageCell.swift in Sources */,
				F92C68CC1FAAE32C005CD910 /* AppDelegate.swift in Sources */,
				F95361FC1FBD4AD2008A5819 /* Events.swift in Sources */,
				F97842041FC2A544001954D3 /* ResetPasswordController.swift in Sources */,
				F97841FE1FC279A7001954D3 /* SignUpController.swift in Sources */,
				F9F6439E1FB69ECC00EC14F3 /* CouponItem.swift in Sources */,
				F92DA58D1FB151A400FDF3E4 /* TaoKeTestService.swift in Sources */,
				F9EA8FCE1FAFDE7F00EBB95C /* SplashController.swift in Sources */,
				F92DA5961FB169D600FDF3E4 /* TaoKeApi.swift in Sources */,
			);
			runOnlyForDeploymentPostprocessing = 0;
		};
/* End PBXSourcesBuildPhase section */

/* Begin PBXVariantGroup section */
		F92C68CF1FAAE32C005CD910 /* Main.storyboard */ = {
			isa = PBXVariantGroup;
			children = (
				F92C68D01FAAE32C005CD910 /* Base */,
			);
			name = Main.storyboard;
			sourceTree = "<group>";
		};
		F92C68D41FAAE32C005CD910 /* LaunchScreen.storyboard */ = {
			isa = PBXVariantGroup;
			children = (
				F92C68D51FAAE32C005CD910 /* Base */,
			);
			name = LaunchScreen.storyboard;
			sourceTree = "<group>";
		};
/* End PBXVariantGroup section */

/* Begin XCBuildConfiguration section */
		F92C68D81FAAE32C005CD910 /* Debug */ = {
			isa = XCBuildConfiguration;
			buildSettings = {
				ALWAYS_SEARCH_USER_PATHS = NO;
				CLANG_ANALYZER_NONNULL = YES;
				CLANG_ANALYZER_NUMBER_OBJECT_CONVERSION = YES_AGGRESSIVE;
				CLANG_CXX_LANGUAGE_STANDARD = "gnu++14";
				CLANG_CXX_LIBRARY = "libc++";
				CLANG_ENABLE_MODULES = YES;
				CLANG_ENABLE_OBJC_ARC = YES;
				CLANG_WARN_BLOCK_CAPTURE_AUTORELEASING = YES;
				CLANG_WARN_BOOL_CONVERSION = YES;
				CLANG_WARN_COMMA = YES;
				CLANG_WARN_CONSTANT_CONVERSION = YES;
				CLANG_WARN_DIRECT_OBJC_ISA_USAGE = YES_ERROR;
				CLANG_WARN_DOCUMENTATION_COMMENTS = YES;
				CLANG_WARN_EMPTY_BODY = YES;
				CLANG_WARN_ENUM_CONVERSION = YES;
				CLANG_WARN_INFINITE_RECURSION = YES;
				CLANG_WARN_INT_CONVERSION = YES;
				CLANG_WARN_NON_LITERAL_NULL_CONVERSION = YES;
				CLANG_WARN_OBJC_LITERAL_CONVERSION = YES;
				CLANG_WARN_OBJC_ROOT_CLASS = YES_ERROR;
				CLANG_WARN_RANGE_LOOP_ANALYSIS = YES;
				CLANG_WARN_STRICT_PROTOTYPES = YES;
				CLANG_WARN_SUSPICIOUS_MOVE = YES;
				CLANG_WARN_UNGUARDED_AVAILABILITY = YES_AGGRESSIVE;
				CLANG_WARN_UNREACHABLE_CODE = YES;
				CLANG_WARN__DUPLICATE_METHOD_MATCH = YES;
				CODE_SIGN_IDENTITY = "iPhone Developer";
				COPY_PHASE_STRIP = NO;
				DEBUG_INFORMATION_FORMAT = dwarf;
				ENABLE_STRICT_OBJC_MSGSEND = YES;
				ENABLE_TESTABILITY = YES;
				GCC_C_LANGUAGE_STANDARD = gnu11;
				GCC_DYNAMIC_NO_PIC = NO;
				GCC_NO_COMMON_BLOCKS = YES;
				GCC_OPTIMIZATION_LEVEL = 0;
				GCC_PREPROCESSOR_DEFINITIONS = (
					"DEBUG=1",
					"$(inherited)",
				);
				GCC_WARN_64_TO_32_BIT_CONVERSION = YES;
				GCC_WARN_ABOUT_RETURN_TYPE = YES_ERROR;
				GCC_WARN_UNDECLARED_SELECTOR = YES;
				GCC_WARN_UNINITIALIZED_AUTOS = YES_AGGRESSIVE;
				GCC_WARN_UNUSED_FUNCTION = YES;
				GCC_WARN_UNUSED_VARIABLE = YES;
				IPHONEOS_DEPLOYMENT_TARGET = 11.1;
				MTL_ENABLE_DEBUG_INFO = YES;
				ONLY_ACTIVE_ARCH = YES;
				SDKROOT = iphoneos;
				SWIFT_ACTIVE_COMPILATION_CONDITIONS = DEBUG;
				SWIFT_OPTIMIZATION_LEVEL = "-Onone";
			};
			name = Debug;
		};
		F92C68D91FAAE32C005CD910 /* Release */ = {
			isa = XCBuildConfiguration;
			buildSettings = {
				ALWAYS_SEARCH_USER_PATHS = NO;
				CLANG_ANALYZER_NONNULL = YES;
				CLANG_ANALYZER_NUMBER_OBJECT_CONVERSION = YES_AGGRESSIVE;
				CLANG_CXX_LANGUAGE_STANDARD = "gnu++14";
				CLANG_CXX_LIBRARY = "libc++";
				CLANG_ENABLE_MODULES = YES;
				CLANG_ENABLE_OBJC_ARC = YES;
				CLANG_WARN_BLOCK_CAPTURE_AUTORELEASING = YES;
				CLANG_WARN_BOOL_CONVERSION = YES;
				CLANG_WARN_COMMA = YES;
				CLANG_WARN_CONSTANT_CONVERSION = YES;
				CLANG_WARN_DIRECT_OBJC_ISA_USAGE = YES_ERROR;
				CLANG_WARN_DOCUMENTATION_COMMENTS = YES;
				CLANG_WARN_EMPTY_BODY = YES;
				CLANG_WARN_ENUM_CONVERSION = YES;
				CLANG_WARN_INFINITE_RECURSION = YES;
				CLANG_WARN_INT_CONVERSION = YES;
				CLANG_WARN_NON_LITERAL_NULL_CONVERSION = YES;
				CLANG_WARN_OBJC_LITERAL_CONVERSION = YES;
				CLANG_WARN_OBJC_ROOT_CLASS = YES_ERROR;
				CLANG_WARN_RANGE_LOOP_ANALYSIS = YES;
				CLANG_WARN_STRICT_PROTOTYPES = YES;
				CLANG_WARN_SUSPICIOUS_MOVE = YES;
				CLANG_WARN_UNGUARDED_AVAILABILITY = YES_AGGRESSIVE;
				CLANG_WARN_UNREACHABLE_CODE = YES;
				CLANG_WARN__DUPLICATE_METHOD_MATCH = YES;
				CODE_SIGN_IDENTITY = "iPhone Developer";
				COPY_PHASE_STRIP = NO;
				DEBUG_INFORMATION_FORMAT = "dwarf-with-dsym";
				ENABLE_NS_ASSERTIONS = NO;
				ENABLE_STRICT_OBJC_MSGSEND = YES;
				GCC_C_LANGUAGE_STANDARD = gnu11;
				GCC_NO_COMMON_BLOCKS = YES;
				GCC_WARN_64_TO_32_BIT_CONVERSION = YES;
				GCC_WARN_ABOUT_RETURN_TYPE = YES_ERROR;
				GCC_WARN_UNDECLARED_SELECTOR = YES;
				GCC_WARN_UNINITIALIZED_AUTOS = YES_AGGRESSIVE;
				GCC_WARN_UNUSED_FUNCTION = YES;
				GCC_WARN_UNUSED_VARIABLE = YES;
				IPHONEOS_DEPLOYMENT_TARGET = 11.1;
				MTL_ENABLE_DEBUG_INFO = NO;
				SDKROOT = iphoneos;
				SWIFT_OPTIMIZATION_LEVEL = "-Owholemodule";
				VALIDATE_PRODUCT = YES;
			};
			name = Release;
		};
		F92C68DB1FAAE32C005CD910 /* Debug */ = {
			isa = XCBuildConfiguration;
			baseConfigurationReference = 60DAA4CA40448DBA119C2C64 /* Pods-TaoKe.debug.xcconfig */;
			buildSettings = {
				ASSETCATALOG_COMPILER_APPICON_NAME = AppIcon;
				CODE_SIGN_STYLE = Automatic;
				DEVELOPMENT_TEAM = WW3Q239636;
				INFOPLIST_FILE = TaoKe/Info.plist;
				LD_RUNPATH_SEARCH_PATHS = "$(inherited) @executable_path/Frameworks";
				PRODUCT_BUNDLE_IDENTIFIER = com.github.caoyouxin.taoke.ios;
				PRODUCT_NAME = "$(TARGET_NAME)";
				SWIFT_INSTALL_OBJC_HEADER = NO;
				SWIFT_OBJC_BRIDGING_HEADER = BridgingHeader.h;
				SWIFT_VERSION = 4.0;
				TARGETED_DEVICE_FAMILY = "1,2";
			};
			name = Debug;
		};
		F92C68DC1FAAE32C005CD910 /* Release */ = {
			isa = XCBuildConfiguration;
			baseConfigurationReference = 030F2ED6F7365B37BEB79011 /* Pods-TaoKe.release.xcconfig */;
			buildSettings = {
				ASSETCATALOG_COMPILER_APPICON_NAME = AppIcon;
				CODE_SIGN_STYLE = Automatic;
				DEVELOPMENT_TEAM = WW3Q239636;
				INFOPLIST_FILE = TaoKe/Info.plist;
				LD_RUNPATH_SEARCH_PATHS = "$(inherited) @executable_path/Frameworks";
				PRODUCT_BUNDLE_IDENTIFIER = com.github.caoyouxin.taoke.ios;
				PRODUCT_NAME = "$(TARGET_NAME)";
				SWIFT_INSTALL_OBJC_HEADER = NO;
				SWIFT_OBJC_BRIDGING_HEADER = BridgingHeader.h;
				SWIFT_VERSION = 4.0;
				TARGETED_DEVICE_FAMILY = "1,2";
			};
			name = Release;
		};
/* End XCBuildConfiguration section */

/* Begin XCConfigurationList section */
		F92C68C31FAAE32C005CD910 /* Build configuration list for PBXProject "TaoKe" */ = {
			isa = XCConfigurationList;
			buildConfigurations = (
				F92C68D81FAAE32C005CD910 /* Debug */,
				F92C68D91FAAE32C005CD910 /* Release */,
			);
			defaultConfigurationIsVisible = 0;
			defaultConfigurationName = Release;
		};
		F92C68DA1FAAE32C005CD910 /* Build configuration list for PBXNativeTarget "TaoKe" */ = {
			isa = XCConfigurationList;
			buildConfigurations = (
				F92C68DB1FAAE32C005CD910 /* Debug */,
				F92C68DC1FAAE32C005CD910 /* Release */,
			);
			defaultConfigurationIsVisible = 0;
			defaultConfigurationName = Release;
		};
/* End XCConfigurationList section */
	};
	rootObject = F92C68C01FAAE32C005CD910 /* Project object */;
}
